
Microsoft Visual Studio Solution File, Format Version 12.00
# Visual Studio Version 17
VisualStudioVersion = 17.9.34723.18
MinimumVisualStudioVersion = 10.0.40219.1
Project("{FAE04EC0-301F-11D3-BF4B-00C04F79EFBC}") = "MaxTheMuleBroker_ejemplo", "MaxTheMuleBroker_ejemplo\MaxTheMuleBroker_ejemplo.csproj", "{C9BBD91D-2343-45FE-9397-0E8CAD27CB68}"
EndProject
Global
	GlobalSection(SolutionConfigurationPlatforms) = preSolution
		Debug|Any CPU = Debug|Any CPU
		Release|Any CPU = Release|Any CPU
	EndGlobalSection
	GlobalSection(ProjectConfigurationPlatforms) = postSolution
		{C9BBD91D-2343-45FE-9397-0E8CAD27CB68}.Debug|Any CPU.ActiveCfg = Debug|Any CPU
		{C9BBD91D-2343-45FE-9397-0E8CAD27CB68}.Debug|Any CPU.Build.0 = Debug|Any CPU
		{C9BBD91D-2343-45FE-9397-0E8CAD27CB68}.Release|Any CPU.ActiveCfg = Release|Any CPU
		{C9BBD91D-2343-45FE-9397-0E8CAD27CB68}.Release|Any CPU.Build.0 = Release|Any CPU
	EndGlobalSection
	GlobalSection(SolutionProperties) = preSolution
		HideSolutionNode = FALSE
	EndGlobalSection
	GlobalSection(ExtensibilityGlobals) = postSolution
		SolutionGuid = {54331FCF-5BC9-4B0B-9DD1-77497041DA4F}
	EndGlobalSection
EndGlobal
